// !$*UTF8*$!
{
	archiveVersion = 1;
	classes = {
	};
	objectVersion = 46;
	objects = {

/* Begin PBXBuildFile section */
		BC6427891A4E756500A23FD5 /* AppDelegate.swift in Sources */ = {isa = PBXBuildFile; fileRef = BC6427881A4E756500A23FD5 /* AppDelegate.swift */; };
		BC64278B1A4E756500A23FD5 /* ViewController.swift in Sources */ = {isa = PBXBuildFile; fileRef = BC64278A1A4E756500A23FD5 /* ViewController.swift */; };
		BC64278E1A4E756500A23FD5 /* Main.storyboard in Resources */ = {isa = PBXBuildFile; fileRef = BC64278C1A4E756500A23FD5 /* Main.storyboard */; };
		BC6427901A4E756500A23FD5 /* Images.xcassets in Resources */ = {isa = PBXBuildFile; fileRef = BC64278F1A4E756500A23FD5 /* Images.xcassets */; };
		BC6427931A4E756500A23FD5 /* LaunchScreen.xib in Resources */ = {isa = PBXBuildFile; fileRef = BC6427911A4E756500A23FD5 /* LaunchScreen.xib */; };
		BC64279F1A4E756500A23FD5 /* PostcardTests.swift in Sources */ = {isa = PBXBuildFile; fileRef = BC64279E1A4E756500A23FD5 /* PostcardTests.swift */; };
/* End PBXBuildFile section */

/* Begin PBXContainerItemProxy section */
		BC6427991A4E756500A23FD5 /* PBXContainerItemProxy */ = {
			isa = PBXContainerItemProxy;
			containerPortal = BC64277B1A4E756500A23FD5 /* Project object */;
			proxyType = 1;
			remoteGlobalIDString = BC6427821A4E756500A23FD5;
			remoteInfo = Postcard;
		};
/* End PBXContainerItemProxy section */

/* Begin PBXFileReference section */
		BC6427831A4E756500A23FD5 /* Postcard.app */ = {isa = PBXFileReference; explicitFileType = wrapper.application; includeInIndex = 0; path = Postcard.app; sourceTree = BUILT_PRODUCTS_DIR; };
		BC6427871A4E756500A23FD5 /* Info.plist */ = {isa = PBXFileReference; lastKnownFileType = text.plist.xml; path = Info.plist; sourceTree = "<group>"; };
		BC6427881A4E756500A23FD5 /* AppDelegate.swift */ = {isa = PBXFileReference; lastKnownFileType = sourcecode.swift; path = AppDelegate.swift; sourceTree = "<group>"; };
		BC64278A1A4E756500A23FD5 /* ViewController.swift */ = {isa = PBXFileReference; lastKnownFileType = sourcecode.swift; path = ViewController.swift; sourceTree = "<group>"; };
		BC64278D1A4E756500A23FD5 /* Base */ = {isa = PBXFileReference; lastKnownFileType = file.storyboard; name = Base; path = Base.lproj/Main.storyboard; sourceTree = "<group>"; };
		BC64278F1A4E756500A23FD5 /* Images.xcassets */ = {isa = PBXFileReference; lastKnownFileType = folder.assetcatalog; path = Images.xcassets; sourceTree = "<group>"; };
		BC6427921A4E756500A23FD5 /* Base */ = {isa = PBXFileReference; lastKnownFileType = file.xib; name = Base; path = Base.lproj/LaunchScreen.xib; sourceTree = "<group>"; };
		BC6427981A4E756500A23FD5 /* PostcardTests.xctest */ = {isa = PBXFileReference; explicitFileType = wrapper.cfbundle; includeInIndex = 0; path = PostcardTests.xctest; sourceTree = BUILT_PRODUCTS_DIR; };
		BC64279D1A4E756500A23FD5 /* Info.plist */ = {isa = PBXFileReference; lastKnownFileType = text.plist.xml; path = Info.plist; sourceTree = "<group>"; };
		BC64279E1A4E756500A23FD5 /* PostcardTests.swift */ = {isa = PBXFileReference; lastKnownFileType = sourcecode.swift; path = PostcardTests.swift; sourceTree = "<group>"; };
/* End PBXFileReference section */

/* Begin PBXFrameworksBuildPhase section */
		BC6427801A4E756500A23FD5 /* Frameworks */ = {
			isa = PBXFrameworksBuildPhase;
			buildActionMask = 2147483647;
			files = (
			);
			runOnlyForDeploymentPostprocessing = 0;
		};
		BC6427951A4E756500A23FD5 /* Frameworks */ = {
			isa = PBXFrameworksBuildPhase;
			buildActionMask = 2147483647;
			files = (
			);
			runOnlyForDeploymentPostprocessing = 0;
		};
/* End PBXFrameworksBuildPhase section */

/* Begin PBXGroup section */
		BC64277A1A4E756500A23FD5 = {
			isa = PBXGroup;
			children = (
				BC6427851A4E756500A23FD5 /* Postcard */,
				BC64279B1A4E756500A23FD5 /* PostcardTests */,
				BC6427841A4E756500A23FD5 /* Products */,
			);
			sourceTree = "<group>";
		};
		BC6427841A4E756500A23FD5 /* Products */ = {
			isa = PBXGroup;
			children = (
				BC6427831A4E756500A23FD5 /* Postcard.app */,
				BC6427981A4E756500A23FD5 /* PostcardTests.xctest */,
			);
			name = Products;
			sourceTree = "<group>";
		};
		BC6427851A4E756500A23FD5 /* Postcard */ = {
			isa = PBXGroup;
			children = (
				BC6427881A4E756500A23FD5 /* AppDelegate.swift */,
				BC64278A1A4E756500A23FD5 /* ViewController.swift */,
				BC64278C1A4E756500A23FD5 /* Main.storyboard */,
				BC64278F1A4E756500A23FD5 /* Images.xcassets */,
				BC6427911A4E756500A23FD5 /* LaunchScreen.xib */,
				BC6427861A4E756500A23FD5 /* Supporting Files */,
			);
			path = Postcard;
			sourceTree = "<group>";
		};
		BC6427861A4E756500A23FD5 /* Supporting Files */ = {
			isa = PBXGroup;
			children = (
				BC6427871A4E756500A23FD5 /* Info.plist */,
			);
			name = "Supporting Files";
			sourceTree = "<group>";
		};
		BC64279B1A4E756500A23FD5 /* PostcardTests */ = {
			isa = PBXGroup;
			children = (
				BC64279E1A4E756500A23FD5 /* PostcardTests.swift */,
				BC64279C1A4E756500A23FD5 /* Supporting Files */,
			);
			path = PostcardTests;
			sourceTree = "<group>";
		};
		BC64279C1A4E756500A23FD5 /* Supporting Files */ = {
			isa = PBXGroup;
			children = (
				BC64279D1A4E756500A23FD5 /* Info.plist */,
			);
			name = "Supporting Files";
			sourceTree = "<group>";
		};
/* End PBXGroup section */

/* Begin PBXNativeTarget section */
		BC6427821A4E756500A23FD5 /* Postcard */ = {
			isa = PBXNativeTarget;
			buildConfigurationList = BC6427A21A4E756500A23FD5 /* Build configuration list for PBXNativeTarget "Postcard" */;
			buildPhases = (
				BC64277F1A4E756500A23FD5 /* Sources */,
				BC6427801A4E756500A23FD5 /* Frameworks */,
				BC6427811A4E756500A23FD5 /* Resources */,
			);
			buildRules = (
			);
			dependencies = (
			);
			name = Postcard;
			productName = Postcard;
			productReference = BC6427831A4E756500A23FD5 /* Postcard.app */;
			productType = "com.apple.product-type.application";
		};
		BC6427971A4E756500A23FD5 /* PostcardTests */ = {
			isa = PBXNativeTarget;
			buildConfigurationList = BC6427A51A4E756500A23FD5 /* Build configuration list for PBXNativeTarget "PostcardTests" */;
			buildPhases = (
				BC6427941A4E756500A23FD5 /* Sources */,
				BC6427951A4E756500A23FD5 /* Frameworks */,
				BC6427961A4E756500A23FD5 /* Resources */,
			);
			buildRules = (
			);
			dependencies = (
				BC64279A1A4E756500A23FD5 /* PBXTargetDependency */,
			);
			name = PostcardTests;
			productName = PostcardTests;
			productReference = BC6427981A4E756500A23FD5 /* PostcardTests.xctest */;
			productType = "com.apple.product-type.bundle.unit-test";
		};
/* End PBXNativeTarget section */

/* Begin PBXProject section */
		BC64277B1A4E756500A23FD5 /* Project object */ = {
			isa = PBXProject;
			attributes = {
				LastUpgradeCheck = 0610;
				ORGANIZATIONNAME = "Kimmy See";
				TargetAttributes = {
					BC6427821A4E756500A23FD5 = {
						CreatedOnToolsVersion = 6.1.1;
					};
					BC6427971A4E756500A23FD5 = {
						CreatedOnToolsVersion = 6.1.1;
						TestTargetID = BC6427821A4E756500A23FD5;
					};
				};
			};
			buildConfigurationList = BC64277E1A4E756500A23FD5 /* Build configuration list for PBXProject "Postcard" */;
			compatibilityVersion = "Xcode 3.2";
			developmentRegion = English;
			hasScannedForEncodings = 0;
			knownRegions = (
				en,
				Base,
			);
			mainGroup = BC64277A1A4E756500A23FD5;
			productRefGroup = BC6427841A4E756500A23FD5 /* Products */;
			projectDirPath = "";
			projectRoot = "";
			targets = (
				BC6427821A4E756500A23FD5 /* Postcard */,
				BC6427971A4E756500A23FD5 /* PostcardTests */,
			);
		};
/* End PBXProject section */

/* Begin PBXResourcesBuildPhase section */
		BC6427811A4E756500A23FD5 /* Resources */ = {
			isa = PBXResourcesBuildPhase;
			buildActionMask = 2147483647;
			files = (
				BC64278E1A4E756500A23FD5 /* Main.storyboard in Resources */,
				BC6427931A4E756500A23FD5 /* LaunchScreen.xib in Resources */,
				BC6427901A4E756500A23FD5 /* Images.xcassets in Resources */,
			);
			runOnlyForDeploymentPostprocessing = 0;
		};
		BC6427961A4E756500A23FD5 /* Resources */ = {
			isa = PBXResourcesBuildPhase;
			buildActionMask = 2147483647;
			files = (
			);
			runOnlyForDeploymentPostprocessing = 0;
		};
/* End PBXResourcesBuildPhase section */

/* Begin PBXSourcesBuildPhase section */
		BC64277F1A4E756500A23FD5 /* Sources */ = {
			isa = PBXSourcesBuildPhase;
			buildActionMask = 2147483647;
			files = (
				BC64278B1A4E756500A23FD5 /* ViewController.swift in Sources */,
				BC6427891A4E756500A23FD5 /* AppDelegate.swift in Sources */,
			);
			runOnlyForDeploymentPostprocessing = 0;
		};
		BC6427941A4E756500A23FD5 /* Sources */ = {
			isa = PBXSourcesBuildPhase;
			buildActionMask = 2147483647;
			files = (
				BC64279F1A4E756500A23FD5 /* PostcardTests.swift in Sources */,
			);
			runOnlyForDeploymentPostprocessing = 0;
		};
/* End PBXSourcesBuildPhase section */

/* Begin PBXTargetDependency section */
		BC64279A1A4E756500A23FD5 /* PBXTargetDependency */ = {
			isa = PBXTargetDependency;
			target = BC6427821A4E756500A23FD5 /* Postcard */;
			targetProxy = BC6427991A4E756500A23FD5 /* PBXContainerItemProxy */;
		};
/* End PBXTargetDependency section */

/* Begin PBXVariantGroup section */
		BC64278C1A4E756500A23FD5 /* Main.storyboard */ = {
			isa = PBXVariantGroup;
			children = (
				BC64278D1A4E756500A23FD5 /* Base */,
			);
			name = Main.storyboard;
			sourceTree = "<group>";
		};
		BC6427911A4E756500A23FD5 /* LaunchScreen.xib */ = {
			isa = PBXVariantGroup;
			children = (
				BC6427921A4E756500A23FD5 /* Base */,
			);
			name = LaunchScreen.xib;
			sourceTree = "<group>";
		};
/* End PBXVariantGroup section */

/* Begin XCBuildConfiguration section */
		BC6427A01A4E756500A23FD5 /* Debug */ = {
			isa = XCBuildConfiguration;
			buildSettings = {
				ALWAYS_SEARCH_USER_PATHS = NO;
				CLANG_CXX_LANGUAGE_STANDARD = "gnu++0x";
				CLANG_CXX_LIBRARY = "libc++";
				CLANG_ENABLE_MODULES = YES;
				CLANG_ENABLE_OBJC_ARC = YES;
				CLANG_WARN_BOOL_CONVERSION = YES;
				CLANG_WARN_CONSTANT_CONVERSION = YES;
				CLANG_WARN_DIRECT_OBJC_ISA_USAGE = YES_ERROR;
				CLANG_WARN_EMPTY_BODY = YES;
				CLANG_WARN_ENUM_CONVERSION = YES;
				CLANG_WARN_INT_CONVERSION = YES;
				CLANG_WARN_OBJC_ROOT_CLASS = YES_ERROR;
				CLANG_WARN_UNREACHABLE_CODE = YES;
				CLANG_WARN__DUPLICATE_METHOD_MATCH = YES;
				"CODE_SIGN_IDENTITY[sdk=iphoneos*]" = "iPhone Developer";
				COPY_PHASE_STRIP = NO;
				ENABLE_STRICT_OBJC_MSGSEND = YES;
				GCC_C_LANGUAGE_STANDARD = gnu99;
				GCC_DYNAMIC_NO_PIC = NO;
				GCC_OPTIMIZATION_LEVEL = 0;
				GCC_PREPROCESSOR_DEFINITIONS = (
					"DEBUG=1",
					"$(inherited)",
				);
				GCC_SYMBOLS_PRIVATE_EXTERN = NO;
				GCC_WARN_64_TO_32_BIT_CONVERSION = YES;
				GCC_WARN_ABOUT_RETURN_TYPE = YES_ERROR;
				GCC_WARN_UNDECLARED_SELECTOR = YES;
				GCC_WARN_UNINITIALIZED_AUTOS = YES_AGGRESSIVE;
				GCC_WARN_UNUSED_FUNCTION = YES;
				GCC_WARN_UNUSED_VARIABLE = YES;
				IPHONEOS_DEPLOYMENT_TARGET = 8.1;
				MTL_ENABLE_DEBUG_INFO = YES;
				ONLY_ACTIVE_ARCH = YES;
				SDKROOT = iphoneos;
				SWIFT_OPTIMIZATION_LEVEL = "-Onone";
				TARGETED_DEVICE_FAMILY = "1,2";
			};
			name = Debug;
		};
		BC6427A11A4E756500A23FD5 /* Release */ = {
			isa = XCBuildConfiguration;
			buildSettings = {
				ALWAYS_SEARCH_USER_PATHS = NO;
				CLANG_CXX_LANGUAGE_STANDARD = "gnu++0x";
				CLANG_CXX_LIBRARY = "libc++";
				CLANG_ENABLE_MODULES = YES;
				CLANG_ENABLE_OBJC_ARC = YES;
				CLANG_WARN_BOOL_CONVERSION = YES;
				CLANG_WARN_CONSTANT_CONVERSION = YES;
				CLANG_WARN_DIRECT_OBJC_ISA_USAGE = YES_ERROR;
				CLANG_WARN_EMPTY_BODY = YES;
				CLANG_WARN_ENUM_CONVERSION = YES;
				CLANG_WARN_INT_CONVERSION = YES;
				CLANG_WARN_OBJC_ROOT_CLASS = YES_ERROR;
				CLANG_WARN_UNREACHABLE_CODE = YES;
				CLANG_WARN__DUPLICATE_METHOD_MATCH = YES;
				"CODE_SIGN_IDENTITY[sdk=iphoneos*]" = "iPhone Developer";
				COPY_PHASE_STRIP = YES;
				ENABLE_NS_ASSERTIONS = NO;
				ENABLE_STRICT_OBJC_MSGSEND = YES;
				GCC_C_LANGUAGE_STANDARD = gnu99;
				GCC_WARN_64_TO_32_BIT_CONVERSION = YES;
				GCC_WARN_ABOUT_RETURN_TYPE = YES_ERROR;
				GCC_WARN_UNDECLARED_SELECTOR = YES;
				GCC_WARN_UNINITIALIZED_AUTOS = YES_AGGRESSIVE;
				GCC_WARN_UNUSED_FUNCTION = YES;
				GCC_WARN_UNUSED_VARIABLE = YES;
				IPHONEOS_DEPLOYMENT_TARGET = 8.1;
				MTL_ENABLE_DEBUG_INFO = NO;
				SDKROOT = iphoneos;
				TARGETED_DEVICE_FAMILY = "1,2";
				VALIDATE_PRODUCT = YES;
			};
			name = Release;
		};
		BC6427A31A4E756500A23FD5 /* Debug */ = {
			isa = XCBuildConfiguration;
			buildSettings = {
				ASSETCATALOG_COMPILER_APPICON_NAME = AppIcon;
				INFOPLIST_FILE = Postcard/Info.plist;
				LD_RUNPATH_SEARCH_PATHS = "$(inherited) @executable_path/Frameworks";
				PRODUCT_NAME = "$(TARGET_NAME)";
			};
			name = Debug;
		};
		BC6427A41A4E756500A23FD5 /* Release */ = {
			isa = XCBuildConfiguration;
			buildSettings = {
				ASSETCATALOG_COMPILER_APPICON_NAME = AppIcon;
				INFOPLIST_FILE = Postcard/Info.plist;
				LD_RUNPATH_SEARCH_PATHS = "$(inherited) @executable_path/Frameworks";
				PRODUCT_NAME = "$(TARGET_NAME)";
			};
			name = Release;
		};
		BC6427A61A4E756500A23FD5 /* Debug */ = {
			isa = XCBuildConfiguration;
			buildSettings = {
				BUNDLE_LOADER = "$(TEST_HOST)";
				FRAMEWORK_SEARCH_PATHS = (
					"$(SDKROOT)/Developer/Library/Frameworks",
					"$(inherited)",
				);
				GCC_PREPROCESSOR_DEFINITIONS = (
					"DEBUG=1",
					"$(inherited)",
				);
				INFOPLIST_FILE = PostcardTests/Info.plist;
				LD_RUNPATH_SEARCH_PATHS = "$(inherited) @executable_path/Frameworks @loader_path/Frameworks";
				PRODUCT_NAME = "$(TARGET_NAME)";
				TEST_HOST = "$(BUILT_PRODUCTS_DIR)/Postcard.app/Postcard";
			};
			name = Debug;
		};
		BC6427A71A4E756500A23FD5 /* Release */ = {
			isa = XCBuildConfiguration;
			buildSettings = {
				BUNDLE_LOADER = "$(TEST_HOST)";
				FRAMEWORK_SEARCH_PATHS = (
					"$(SDKROOT)/Developer/Library/Frameworks",
					"$(inherited)",
				);
				INFOPLIST_FILE = PostcardTests/Info.plist;
				LD_RUNPATH_SEARCH_PATHS = "$(inherited) @executable_path/Frameworks @loader_path/Frameworks";
				PRODUCT_NAME = "$(TARGET_NAME)";
				TEST_HOST = "$(BUILT_PRODUCTS_DIR)/Postcard.app/Postcard";
			};
			name = Release;
		};
/* End XCBuildConfiguration section */

/* Begin XCConfigurationList section */
		BC64277E1A4E756500A23FD5 /* Build configuration list for PBXProject "Postcard" */ = {
			isa = XCConfigurationList;
			buildConfigurations = (
				BC6427A01A4E756500A23FD5 /* Debug */,
				BC6427A11A4E756500A23FD5 /* Release */,
			);
			defaultConfigurationIsVisible = 0;
			defaultConfigurationName = Release;
		};
		BC6427A21A4E756500A23FD5 /* Build configuration list for PBXNativeTarget "Postcard" */ = {
			isa = XCConfigurationList;
			buildConfigurations = (
				BC6427A31A4E756500A23FD5 /* Debug */,
				BC6427A41A4E756500A23FD5 /* Release */,
			);
			defaultConfigurationIsVisible = 0;
		};
		BC6427A51A4E756500A23FD5 /* Build configuration list for PBXNativeTarget "PostcardTests" */ = {
			isa = XCConfigurationList;
			buildConfigurations = (
				BC6427A61A4E756500A23FD5 /* Debug */,
				BC6427A71A4E756500A23FD5 /* Release */,
			);
			defaultConfigurationIsVisible = 0;
		};
/* End XCConfigurationList section */
	};
	rootObject = BC64277B1A4E756500A23FD5 /* Project object */;
}
